
Microsoft Visual Studio Solution File, Format Version 12.00
# Visual Studio Version 17
VisualStudioVersion = 17.9.34310.174
MinimumVisualStudioVersion = 10.0.40219.1
Project("{8BC9CEB8-8B4A-11D0-8D11-00A0C91BC942}") = "Touhou Project Mod", "Touhou Project Mod\Touhou Project Mod.vcxproj", "{682323BB-D02B-4755-A05F-F2A76D96180F}"
EndProject
Project("{FAE04EC0-301F-11D3-BF4B-00C04F79EFBC}") = "Touhou Project Mod UI", "Touhou Project Mod UI\Touhou Project Mod UI.csproj", "{A49D4D17-C6F0-4C0A-9DA3-CFA97C127FD9}"
EndProject
Global
	GlobalSection(SolutionConfigurationPlatforms) = preSolution
		Debug|Any CPU = Debug|Any CPU
		Debug|x64 = Debug|x64
		Debug|x86 = Debug|x86
		Release|Any CPU = Release|Any CPU
		Release|x64 = Release|x64
		Release|x86 = Release|x86
	EndGlobalSection
	GlobalSection(ProjectConfigurationPlatforms) = postSolution
		{682323BB-D02B-4755-A05F-F2A76D96180F}.Debug|Any CPU.ActiveCfg = Debug|x64
		{682323BB-D02B-4755-A05F-F2A76D96180F}.Debug|Any CPU.Build.0 = Debug|x64
		{682323BB-D02B-4755-A05F-F2A76D96180F}.Debug|x64.ActiveCfg = Debug|x64
		{682323BB-D02B-4755-A05F-F2A76D96180F}.Debug|x64.Build.0 = Debug|x64
		{682323BB-D02B-4755-A05F-F2A76D96180F}.Debug|x86.ActiveCfg = Debug|Win32
		{682323BB-D02B-4755-A05F-F2A76D96180F}.Debug|x86.Build.0 = Debug|Win32
		{682323BB-D02B-4755-A05F-F2A76D96180F}.Release|Any CPU.ActiveCfg = Release|x64
		{682323BB-D02B-4755-A05F-F2A76D96180F}.Release|Any CPU.Build.0 = Release|x64
		{682323BB-D02B-4755-A05F-F2A76D96180F}.Release|x64.ActiveCfg = Release|x64
		{682323BB-D02B-4755-A05F-F2A76D96180F}.Release|x64.Build.0 = Release|x64
		{682323BB-D02B-4755-A05F-F2A76D96180F}.Release|x86.ActiveCfg = Release|Win32
		{682323BB-D02B-4755-A05F-F2A76D96180F}.Release|x86.Build.0 = Release|Win32
		{A49D4D17-C6F0-4C0A-9DA3-CFA97C127FD9}.Debug|Any CPU.ActiveCfg = Debug|Any CPU
		{A49D4D17-C6F0-4C0A-9DA3-CFA97C127FD9}.Debug|Any CPU.Build.0 = Debug|Any CPU
		{A49D4D17-C6F0-4C0A-9DA3-CFA97C127FD9}.Debug|x64.ActiveCfg = Debug|Any CPU
		{A49D4D17-C6F0-4C0A-9DA3-CFA97C127FD9}.Debug|x64.Build.0 = Debug|Any CPU
		{A49D4D17-C6F0-4C0A-9DA3-CFA97C127FD9}.Debug|x86.ActiveCfg = Debug|Any CPU
		{A49D4D17-C6F0-4C0A-9DA3-CFA97C127FD9}.Debug|x86.Build.0 = Debug|Any CPU
		{A49D4D17-C6F0-4C0A-9DA3-CFA97C127FD9}.Release|Any CPU.ActiveCfg = Release|Any CPU
		{A49D4D17-C6F0-4C0A-9DA3-CFA97C127FD9}.Release|Any CPU.Build.0 = Release|Any CPU
		{A49D4D17-C6F0-4C0A-9DA3-CFA97C127FD9}.Release|x64.ActiveCfg = Release|Any CPU
		{A49D4D17-C6F0-4C0A-9DA3-CFA97C127FD9}.Release|x64.Build.0 = Release|Any CPU
		{A49D4D17-C6F0-4C0A-9DA3-CFA97C127FD9}.Release|x86.ActiveCfg = Release|Any CPU
		{A49D4D17-C6F0-4C0A-9DA3-CFA97C127FD9}.Release|x86.Build.0 = Release|Any CPU
	EndGlobalSection
	GlobalSection(SolutionProperties) = preSolution
		HideSolutionNode = FALSE
	EndGlobalSection
	GlobalSection(ExtensibilityGlobals) = postSolution
		SolutionGuid = {3812526C-E02D-48A8-9842-BE483956A5CA}
	EndGlobalSection
EndGlobal
